// !$*UTF8*$!
{
	archiveVersion = 1;
	classes = {
	};
	objectVersion = 46;
	objects = {

/* Begin PBXBuildFile section */
		6306A5361872027E009EC993 /* Foundation.framework in Frameworks */ = {isa = PBXBuildFile; fileRef = 6306A5351872027E009EC993 /* Foundation.framework */; };
		6306A5381872027E009EC993 /* CoreGraphics.framework in Frameworks */ = {isa = PBXBuildFile; fileRef = 6306A5371872027E009EC993 /* CoreGraphics.framework */; };
		6306A53A1872027E009EC993 /* UIKit.framework in Frameworks */ = {isa = PBXBuildFile; fileRef = 6306A5391872027E009EC993 /* UIKit.framework */; };
		6306A5401872027E009EC993 /* InfoPlist.strings in Resources */ = {isa = PBXBuildFile; fileRef = 6306A53E1872027E009EC993 /* InfoPlist.strings */; };
		6306A5421872027E009EC993 /* main.m in Sources */ = {isa = PBXBuildFile; fileRef = 6306A5411872027E009EC993 /* main.m */; };
		6306A5461872027E009EC993 /* AppDelegate.m in Sources */ = {isa = PBXBuildFile; fileRef = 6306A5451872027E009EC993 /* AppDelegate.m */; };
		6306A5491872027E009EC993 /* Main_iPhone.storyboard in Resources */ = {isa = PBXBuildFile; fileRef = 6306A5471872027E009EC993 /* Main_iPhone.storyboard */; };
		6306A54C1872027E009EC993 /* Main_iPad.storyboard in Resources */ = {isa = PBXBuildFile; fileRef = 6306A54A1872027E009EC993 /* Main_iPad.storyboard */; };
		6306A54F1872027E009EC993 /* ViewController.m in Sources */ = {isa = PBXBuildFile; fileRef = 6306A54E1872027E009EC993 /* ViewController.m */; };
		6306A5511872027E009EC993 /* Images.xcassets in Resources */ = {isa = PBXBuildFile; fileRef = 6306A5501872027E009EC993 /* Images.xcassets */; };
		6306A5581872027E009EC993 /* XCTest.framework in Frameworks */ = {isa = PBXBuildFile; fileRef = 6306A5571872027E009EC993 /* XCTest.framework */; };
		6306A5591872027E009EC993 /* Foundation.framework in Frameworks */ = {isa = PBXBuildFile; fileRef = 6306A5351872027E009EC993 /* Foundation.framework */; };
		6306A55A1872027E009EC993 /* UIKit.framework in Frameworks */ = {isa = PBXBuildFile; fileRef = 6306A5391872027E009EC993 /* UIKit.framework */; };
		6306A5621872027E009EC993 /* InfoPlist.strings in Resources */ = {isa = PBXBuildFile; fileRef = 6306A5601872027E009EC993 /* InfoPlist.strings */; };
		6306A5641872027E009EC993 /* DelegatesTests.m in Sources */ = {isa = PBXBuildFile; fileRef = 6306A5631872027E009EC993 /* DelegatesTests.m */; };
		6306A56F187202F2009EC993 /* MTSlider.m in Sources */ = {isa = PBXBuildFile; fileRef = 6306A56E187202F2009EC993 /* MTSlider.m */; };
/* End PBXBuildFile section */

/* Begin PBXContainerItemProxy section */
		6306A55B1872027E009EC993 /* PBXContainerItemProxy */ = {
			isa = PBXContainerItemProxy;
			containerPortal = 6306A52A1872027E009EC993 /* Project object */;
			proxyType = 1;
			remoteGlobalIDString = 6306A5311872027E009EC993;
			remoteInfo = Delegates;
		};
/* End PBXContainerItemProxy section */

/* Begin PBXFileReference section */
		6306A5321872027E009EC993 /* Delegates.app */ = {isa = PBXFileReference; explicitFileType = wrapper.application; includeInIndex = 0; path = Delegates.app; sourceTree = BUILT_PRODUCTS_DIR; };
		6306A5351872027E009EC993 /* Foundation.framework */ = {isa = PBXFileReference; lastKnownFileType = wrapper.framework; name = Foundation.framework; path = System/Library/Frameworks/Foundation.framework; sourceTree = SDKROOT; };
		6306A5371872027E009EC993 /* CoreGraphics.framework */ = {isa = PBXFileReference; lastKnownFileType = wrapper.framework; name = CoreGraphics.framework; path = System/Library/Frameworks/CoreGraphics.framework; sourceTree = SDKROOT; };
		6306A5391872027E009EC993 /* UIKit.framework */ = {isa = PBXFileReference; lastKnownFileType = wrapper.framework; name = UIKit.framework; path = System/Library/Frameworks/UIKit.framework; sourceTree = SDKROOT; };
		6306A53D1872027E009EC993 /* Delegates-Info.plist */ = {isa = PBXFileReference; lastKnownFileType = text.plist.xml; path = "Delegates-Info.plist"; sourceTree = "<group>"; };
		6306A53F1872027E009EC993 /* en */ = {isa = PBXFileReference; lastKnownFileType = text.plist.strings; name = en; path = en.lproj/InfoPlist.strings; sourceTree = "<group>"; };
		6306A5411872027E009EC993 /* main.m */ = {isa = PBXFileReference; lastKnownFileType = sourcecode.c.objc; path = main.m; sourceTree = "<group>"; };
		6306A5431872027E009EC993 /* Delegates-Prefix.pch */ = {isa = PBXFileReference; lastKnownFileType = sourcecode.c.h; path = "Delegates-Prefix.pch"; sourceTree = "<group>"; };
		6306A5441872027E009EC993 /* AppDelegate.h */ = {isa = PBXFileReference; lastKnownFileType = sourcecode.c.h; path = AppDelegate.h; sourceTree = "<group>"; };
		6306A5451872027E009EC993 /* AppDelegate.m */ = {isa = PBXFileReference; lastKnownFileType = sourcecode.c.objc; path = AppDelegate.m; sourceTree = "<group>"; };
		6306A5481872027E009EC993 /* Base */ = {isa = PBXFileReference; lastKnownFileType = file.storyboard; name = Base; path = Base.lproj/Main_iPhone.storyboard; sourceTree = "<group>"; };
		6306A54B1872027E009EC993 /* Base */ = {isa = PBXFileReference; lastKnownFileType = file.storyboard; name = Base; path = Base.lproj/Main_iPad.storyboard; sourceTree = "<group>"; };
		6306A54D1872027E009EC993 /* ViewController.h */ = {isa = PBXFileReference; lastKnownFileType = sourcecode.c.h; path = ViewController.h; sourceTree = "<group>"; };
		6306A54E1872027E009EC993 /* ViewController.m */ = {isa = PBXFileReference; lastKnownFileType = sourcecode.c.objc; path = ViewController.m; sourceTree = "<group>"; };
		6306A5501872027E009EC993 /* Images.xcassets */ = {isa = PBXFileReference; lastKnownFileType = folder.assetcatalog; path = Images.xcassets; sourceTree = "<group>"; };
		6306A5561872027E009EC993 /* DelegatesTests.xctest */ = {isa = PBXFileReference; explicitFileType = wrapper.cfbundle; includeInIndex = 0; path = DelegatesTests.xctest; sourceTree = BUILT_PRODUCTS_DIR; };
		6306A5571872027E009EC993 /* XCTest.framework */ = {isa = PBXFileReference; lastKnownFileType = wrapper.framework; name = XCTest.framework; path = Library/Frameworks/XCTest.framework; sourceTree = DEVELOPER_DIR; };
		6306A55F1872027E009EC993 /* DelegatesTests-Info.plist */ = {isa = PBXFileReference; lastKnownFileType = text.plist.xml; path = "DelegatesTests-Info.plist"; sourceTree = "<group>"; };
		6306A5611872027E009EC993 /* en */ = {isa = PBXFileReference; lastKnownFileType = text.plist.strings; name = en; path = en.lproj/InfoPlist.strings; sourceTree = "<group>"; };
		6306A5631872027E009EC993 /* DelegatesTests.m */ = {isa = PBXFileReference; lastKnownFileType = sourcecode.c.objc; path = DelegatesTests.m; sourceTree = "<group>"; };
		6306A56D187202F2009EC993 /* MTSlider.h */ = {isa = PBXFileReference; fileEncoding = 4; lastKnownFileType = sourcecode.c.h; path = MTSlider.h; sourceTree = "<group>"; };
		6306A56E187202F2009EC993 /* MTSlider.m */ = {isa = PBXFileReference; fileEncoding = 4; lastKnownFileType = sourcecode.c.objc; path = MTSlider.m; sourceTree = "<group>"; };
/* End PBXFileReference section */

/* Begin PBXFrameworksBuildPhase section */
		6306A52F1872027E009EC993 /* Frameworks */ = {
			isa = PBXFrameworksBuildPhase;
			buildActionMask = 2147483647;
			files = (
				6306A5381872027E009EC993 /* CoreGraphics.framework in Frameworks */,
				6306A53A1872027E009EC993 /* UIKit.framework in Frameworks */,
				6306A5361872027E009EC993 /* Foundation.framework in Frameworks */,
			);
			runOnlyForDeploymentPostprocessing = 0;
		};
		6306A5531872027E009EC993 /* Frameworks */ = {
			isa = PBXFrameworksBuildPhase;
			buildActionMask = 2147483647;
			files = (
				6306A5581872027E009EC993 /* XCTest.framework in Frameworks */,
				6306A55A1872027E009EC993 /* UIKit.framework in Frameworks */,
				6306A5591872027E009EC993 /* Foundation.framework in Frameworks */,
			);
			runOnlyForDeploymentPostprocessing = 0;
		};
/* End PBXFrameworksBuildPhase section */

/* Begin PBXGroup section */
		6306A5291872027E009EC993 = {
			isa = PBXGroup;
			children = (
				6306A56D187202F2009EC993 /* MTSlider.h */,
				6306A56E187202F2009EC993 /* MTSlider.m */,
				6306A53B1872027E009EC993 /* Delegates */,
				6306A55D1872027E009EC993 /* DelegatesTests */,
				6306A5341872027E009EC993 /* Frameworks */,
				6306A5331872027E009EC993 /* Products */,
			);
			sourceTree = "<group>";
		};
		6306A5331872027E009EC993 /* Products */ = {
			isa = PBXGroup;
			children = (
				6306A5321872027E009EC993 /* Delegates.app */,
				6306A5561872027E009EC993 /* DelegatesTests.xctest */,
			);
			name = Products;
			sourceTree = "<group>";
		};
		6306A5341872027E009EC993 /* Frameworks */ = {
			isa = PBXGroup;
			children = (
				6306A5351872027E009EC993 /* Foundation.framework */,
				6306A5371872027E009EC993 /* CoreGraphics.framework */,
				6306A5391872027E009EC993 /* UIKit.framework */,
				6306A5571872027E009EC993 /* XCTest.framework */,
			);
			name = Frameworks;
			sourceTree = "<group>";
		};
		6306A53B1872027E009EC993 /* Delegates */ = {
			isa = PBXGroup;
			children = (
				6306A5441872027E009EC993 /* AppDelegate.h */,
				6306A5451872027E009EC993 /* AppDelegate.m */,
				6306A5471872027E009EC993 /* Main_iPhone.storyboard */,
				6306A54A1872027E009EC993 /* Main_iPad.storyboard */,
				6306A54D1872027E009EC993 /* ViewController.h */,
				6306A54E1872027E009EC993 /* ViewController.m */,
				6306A5501872027E009EC993 /* Images.xcassets */,
				6306A53C1872027E009EC993 /* Supporting Files */,
			);
			path = Delegates;
			sourceTree = "<group>";
		};
		6306A53C1872027E009EC993 /* Supporting Files */ = {
			isa = PBXGroup;
			children = (
				6306A53D1872027E009EC993 /* Delegates-Info.plist */,
				6306A53E1872027E009EC993 /* InfoPlist.strings */,
				6306A5411872027E009EC993 /* main.m */,
				6306A5431872027E009EC993 /* Delegates-Prefix.pch */,
			);
			name = "Supporting Files";
			sourceTree = "<group>";
		};
		6306A55D1872027E009EC993 /* DelegatesTests */ = {
			isa = PBXGroup;
			children = (
				6306A5631872027E009EC993 /* DelegatesTests.m */,
				6306A55E1872027E009EC993 /* Supporting Files */,
			);
			path = DelegatesTests;
			sourceTree = "<group>";
		};
		6306A55E1872027E009EC993 /* Supporting Files */ = {
			isa = PBXGroup;
			children = (
				6306A55F1872027E009EC993 /* DelegatesTests-Info.plist */,
				6306A5601872027E009EC993 /* InfoPlist.strings */,
			);
			name = "Supporting Files";
			sourceTree = "<group>";
		};
/* End PBXGroup section */

/* Begin PBXNativeTarget section */
		6306A5311872027E009EC993 /* Delegates */ = {
			isa = PBXNativeTarget;
			buildConfigurationList = 6306A5671872027E009EC993 /* Build configuration list for PBXNativeTarget "Delegates" */;
			buildPhases = (
				6306A52E1872027E009EC993 /* Sources */,
				6306A52F1872027E009EC993 /* Frameworks */,
				6306A5301872027E009EC993 /* Resources */,
			);
			buildRules = (
			);
			dependencies = (
			);
			name = Delegates;
			productName = Delegates;
			productReference = 6306A5321872027E009EC993 /* Delegates.app */;
			productType = "com.apple.product-type.application";
		};
		6306A5551872027E009EC993 /* DelegatesTests */ = {
			isa = PBXNativeTarget;
			buildConfigurationList = 6306A56A1872027E009EC993 /* Build configuration list for PBXNativeTarget "DelegatesTests" */;
			buildPhases = (
				6306A5521872027E009EC993 /* Sources */,
				6306A5531872027E009EC993 /* Frameworks */,
				6306A5541872027E009EC993 /* Resources */,
			);
			buildRules = (
			);
			dependencies = (
				6306A55C1872027E009EC993 /* PBXTargetDependency */,
			);
			name = DelegatesTests;
			productName = DelegatesTests;
			productReference = 6306A5561872027E009EC993 /* DelegatesTests.xctest */;
			productType = "com.apple.product-type.bundle.unit-test";
		};
/* End PBXNativeTarget section */

/* Begin PBXProject section */
		6306A52A1872027E009EC993 /* Project object */ = {
			isa = PBXProject;
			attributes = {
				LastUpgradeCheck = 0500;
				ORGANIZATIONNAME = timshultis;
				TargetAttributes = {
					6306A5551872027E009EC993 = {
						TestTargetID = 6306A5311872027E009EC993;
					};
				};
			};
			buildConfigurationList = 6306A52D1872027E009EC993 /* Build configuration list for PBXProject "Delegates" */;
			compatibilityVersion = "Xcode 3.2";
			developmentRegion = English;
			hasScannedForEncodings = 0;
			knownRegions = (
				en,
				Base,
			);
			mainGroup = 6306A5291872027E009EC993;
			productRefGroup = 6306A5331872027E009EC993 /* Products */;
			projectDirPath = "";
			projectRoot = "";
			targets = (
				6306A5311872027E009EC993 /* Delegates */,
				6306A5551872027E009EC993 /* DelegatesTests */,
			);
		};
/* End PBXProject section */

/* Begin PBXResourcesBuildPhase section */
		6306A5301872027E009EC993 /* Resources */ = {
			isa = PBXResourcesBuildPhase;
			buildActionMask = 2147483647;
			files = (
				6306A54C1872027E009EC993 /* Main_iPad.storyboard in Resources */,
				6306A5511872027E009EC993 /* Images.xcassets in Resources */,
				6306A5491872027E009EC993 /* Main_iPhone.storyboard in Resources */,
				6306A5401872027E009EC993 /* InfoPlist.strings in Resources */,
			);
			runOnlyForDeploymentPostprocessing = 0;
		};
		6306A5541872027E009EC993 /* Resources */ = {
			isa = PBXResourcesBuildPhase;
			buildActionMask = 2147483647;
			files = (
				6306A5621872027E009EC993 /* InfoPlist.strings in Resources */,
			);
			runOnlyForDeploymentPostprocessing = 0;
		};
/* End PBXResourcesBuildPhase section */

/* Begin PBXSourcesBuildPhase section */
		6306A52E1872027E009EC993 /* Sources */ = {
			isa = PBXSourcesBuildPhase;
			buildActionMask = 2147483647;
			files = (
				6306A54F1872027E009EC993 /* ViewController.m in Sources */,
				6306A56F187202F2009EC993 /* MTSlider.m in Sources */,
				6306A5461872027E009EC993 /* AppDelegate.m in Sources */,
				6306A5421872027E009EC993 /* main.m in Sources */,
			);
			runOnlyForDeploymentPostprocessing = 0;
		};
		6306A5521872027E009EC993 /* Sources */ = {
			isa = PBXSourcesBuildPhase;
			buildActionMask = 2147483647;
			files = (
				6306A5641872027E009EC993 /* DelegatesTests.m in Sources */,
			);
			runOnlyForDeploymentPostprocessing = 0;
		};
/* End PBXSourcesBuildPhase section */

/* Begin PBXTargetDependency section */
		6306A55C1872027E009EC993 /* PBXTargetDependency */ = {
			isa = PBXTargetDependency;
			target = 6306A5311872027E009EC993 /* Delegates */;
			targetProxy = 6306A55B1872027E009EC993 /* PBXContainerItemProxy */;
		};
/* End PBXTargetDependency section */

/* Begin PBXVariantGroup section */
		6306A53E1872027E009EC993 /* InfoPlist.strings */ = {
			isa = PBXVariantGroup;
			children = (
				6306A53F1872027E009EC993 /* en */,
			);
			name = InfoPlist.strings;
			sourceTree = "<group>";
		};
		6306A5471872027E009EC993 /* Main_iPhone.storyboard */ = {
			isa = PBXVariantGroup;
			children = (
				6306A5481872027E009EC993 /* Base */,
			);
			name = Main_iPhone.storyboard;
			sourceTree = "<group>";
		};
		6306A54A1872027E009EC993 /* Main_iPad.storyboard */ = {
			isa = PBXVariantGroup;
			children = (
				6306A54B1872027E009EC993 /* Base */,
			);
			name = Main_iPad.storyboard;
			sourceTree = "<group>";
		};
		6306A5601872027E009EC993 /* InfoPlist.strings */ = {
			isa = PBXVariantGroup;
			children = (
				6306A5611872027E009EC993 /* en */,
			);
			name = InfoPlist.strings;
			sourceTree = "<group>";
		};
/* End PBXVariantGroup section */

/* Begin XCBuildConfiguration section */
		6306A5651872027E009EC993 /* Debug */ = {
			isa = XCBuildConfiguration;
			buildSettings = {
				ALWAYS_SEARCH_USER_PATHS = NO;
				ARCHS = "$(ARCHS_STANDARD_INCLUDING_64_BIT)";
				CLANG_CXX_LANGUAGE_STANDARD = "gnu++0x";
				CLANG_CXX_LIBRARY = "libc++";
				CLANG_ENABLE_MODULES = YES;
				CLANG_ENABLE_OBJC_ARC = YES;
				CLANG_WARN_BOOL_CONVERSION = YES;
				CLANG_WARN_CONSTANT_CONVERSION = YES;
				CLANG_WARN_DIRECT_OBJC_ISA_USAGE = YES_ERROR;
				CLANG_WARN_EMPTY_BODY = YES;
				CLANG_WARN_ENUM_CONVERSION = YES;
				CLANG_WARN_INT_CONVERSION = YES;
				CLANG_WARN_OBJC_ROOT_CLASS = YES_ERROR;
				CLANG_WARN__DUPLICATE_METHOD_MATCH = YES;
				"CODE_SIGN_IDENTITY[sdk=iphoneos*]" = "iPhone Developer";
				COPY_PHASE_STRIP = NO;
				GCC_C_LANGUAGE_STANDARD = gnu99;
				GCC_DYNAMIC_NO_PIC = NO;
				GCC_OPTIMIZATION_LEVEL = 0;
				GCC_PREPROCESSOR_DEFINITIONS = (
					"DEBUG=1",
					"$(inherited)",
				);
				GCC_SYMBOLS_PRIVATE_EXTERN = NO;
				GCC_WARN_64_TO_32_BIT_CONVERSION = YES;
				GCC_WARN_ABOUT_RETURN_TYPE = YES_ERROR;
				GCC_WARN_UNDECLARED_SELECTOR = YES;
				GCC_WARN_UNINITIALIZED_AUTOS = YES;
				GCC_WARN_UNUSED_FUNCTION = YES;
				GCC_WARN_UNUSED_VARIABLE = YES;
				IPHONEOS_DEPLOYMENT_TARGET = 7.0;
				ONLY_ACTIVE_ARCH = YES;
				SDKROOT = iphoneos;
				TARGETED_DEVICE_FAMILY = "1,2";
			};
			name = Debug;
		};
		6306A5661872027E009EC993 /* Release */ = {
			isa = XCBuildConfiguration;
			buildSettings = {
				ALWAYS_SEARCH_USER_PATHS = NO;
				ARCHS = "$(ARCHS_STANDARD_INCLUDING_64_BIT)";
				CLANG_CXX_LANGUAGE_STANDARD = "gnu++0x";
				CLANG_CXX_LIBRARY = "libc++";
				CLANG_ENABLE_MODULES = YES;
				CLANG_ENABLE_OBJC_ARC = YES;
				CLANG_WARN_BOOL_CONVERSION = YES;
				CLANG_WARN_CONSTANT_CONVERSION = YES;
				CLANG_WARN_DIRECT_OBJC_ISA_USAGE = YES_ERROR;
				CLANG_WARN_EMPTY_BODY = YES;
				CLANG_WARN_ENUM_CONVERSION = YES;
				CLANG_WARN_INT_CONVERSION = YES;
				CLANG_WARN_OBJC_ROOT_CLASS = YES_ERROR;
				CLANG_WARN__DUPLICATE_METHOD_MATCH = YES;
				"CODE_SIGN_IDENTITY[sdk=iphoneos*]" = "iPhone Developer";
				COPY_PHASE_STRIP = YES;
				ENABLE_NS_ASSERTIONS = NO;
				GCC_C_LANGUAGE_STANDARD = gnu99;
				GCC_WARN_64_TO_32_BIT_CONVERSION = YES;
				GCC_WARN_ABOUT_RETURN_TYPE = YES_ERROR;
				GCC_WARN_UNDECLARED_SELECTOR = YES;
				GCC_WARN_UNINITIALIZED_AUTOS = YES;
				GCC_WARN_UNUSED_FUNCTION = YES;
				GCC_WARN_UNUSED_VARIABLE = YES;
				IPHONEOS_DEPLOYMENT_TARGET = 7.0;
				SDKROOT = iphoneos;
				TARGETED_DEVICE_FAMILY = "1,2";
				VALIDATE_PRODUCT = YES;
			};
			name = Release;
		};
		6306A5681872027E009EC993 /* Debug */ = {
			isa = XCBuildConfiguration;
			buildSettings = {
				ASSETCATALOG_COMPILER_APPICON_NAME = AppIcon;
				ASSETCATALOG_COMPILER_LAUNCHIMAGE_NAME = LaunchImage;
				GCC_PRECOMPILE_PREFIX_HEADER = YES;
				GCC_PREFIX_HEADER = "Delegates/Delegates-Prefix.pch";
				INFOPLIST_FILE = "Delegates/Delegates-Info.plist";
				PRODUCT_NAME = "$(TARGET_NAME)";
				WRAPPER_EXTENSION = app;
			};
			name = Debug;
		};
		6306A5691872027E009EC993 /* Release */ = {
			isa = XCBuildConfiguration;
			buildSettings = {
				ASSETCATALOG_COMPILER_APPICON_NAME = AppIcon;
				ASSETCATALOG_COMPILER_LAUNCHIMAGE_NAME = LaunchImage;
				GCC_PRECOMPILE_PREFIX_HEADER = YES;
				GCC_PREFIX_HEADER = "Delegates/Delegates-Prefix.pch";
				INFOPLIST_FILE = "Delegates/Delegates-Info.plist";
				PRODUCT_NAME = "$(TARGET_NAME)";
				WRAPPER_EXTENSION = app;
			};
			name = Release;
		};
		6306A56B1872027E009EC993 /* Debug */ = {
			isa = XCBuildConfiguration;
			buildSettings = {
				ARCHS = "$(ARCHS_STANDARD_INCLUDING_64_BIT)";
				BUNDLE_LOADER = "$(BUILT_PRODUCTS_DIR)/Delegates.app/Delegates";
				FRAMEWORK_SEARCH_PATHS = (
					"$(SDKROOT)/Developer/Library/Frameworks",
					"$(inherited)",
					"$(DEVELOPER_FRAMEWORKS_DIR)",
				);
				GCC_PRECOMPILE_PREFIX_HEADER = YES;
				GCC_PREFIX_HEADER = "Delegates/Delegates-Prefix.pch";
				GCC_PREPROCESSOR_DEFINITIONS = (
					"DEBUG=1",
					"$(inherited)",
				);
				INFOPLIST_FILE = "DelegatesTests/DelegatesTests-Info.plist";
				PRODUCT_NAME = "$(TARGET_NAME)";
				TEST_HOST = "$(BUNDLE_LOADER)";
				WRAPPER_EXTENSION = xctest;
			};
			name = Debug;
		};
		6306A56C1872027E009EC993 /* Release */ = {
			isa = XCBuildConfiguration;
			buildSettings = {
				ARCHS = "$(ARCHS_STANDARD_INCLUDING_64_BIT)";
				BUNDLE_LOADER = "$(BUILT_PRODUCTS_DIR)/Delegates.app/Delegates";
				FRAMEWORK_SEARCH_PATHS = (
					"$(SDKROOT)/Developer/Library/Frameworks",
					"$(inherited)",
					"$(DEVELOPER_FRAMEWORKS_DIR)",
				);
				GCC_PRECOMPILE_PREFIX_HEADER = YES;
				GCC_PREFIX_HEADER = "Delegates/Delegates-Prefix.pch";
				INFOPLIST_FILE = "DelegatesTests/DelegatesTests-Info.plist";
				PRODUCT_NAME = "$(TARGET_NAME)";
				TEST_HOST = "$(BUNDLE_LOADER)";
				WRAPPER_EXTENSION = xctest;
			};
			name = Release;
		};
/* End XCBuildConfiguration section */

/* Begin XCConfigurationList section */
		6306A52D1872027E009EC993 /* Build configuration list for PBXProject "Delegates" */ = {
			isa = XCConfigurationList;
			buildConfigurations = (
				6306A5651872027E009EC993 /* Debug */,
				6306A5661872027E009EC993 /* Release */,
			);
			defaultConfigurationIsVisible = 0;
			defaultConfigurationName = Release;
		};
		6306A5671872027E009EC993 /* Build configuration list for PBXNativeTarget "Delegates" */ = {
			isa = XCConfigurationList;
			buildConfigurations = (
				6306A5681872027E009EC993 /* Debug */,
				6306A5691872027E009EC993 /* Release */,
			);
			defaultConfigurationIsVisible = 0;
		};
		6306A56A1872027E009EC993 /* Build configuration list for PBXNativeTarget "DelegatesTests" */ = {
			isa = XCConfigurationList;
			buildConfigurations = (
				6306A56B1872027E009EC993 /* Debug */,
				6306A56C1872027E009EC993 /* Release */,
			);
			defaultConfigurationIsVisible = 0;
		};
/* End XCConfigurationList section */
	};
	rootObject = 6306A52A1872027E009EC993 /* Project object */;
}
